// !$*UTF8*$!
{
	archiveVersion = 1;
	classes = {
	};
	objectVersion = 55;
	objects = {

/* Begin PBXBuildFile section */
		723886202889CFCE003AB7DC /* Planet.swift in Sources */ = {isa = PBXBuildFile; fileRef = 7238861F2889CFCE003AB7DC /* Planet.swift */; };
		723886222889D1D2003AB7DC /* Constants.swift in Sources */ = {isa = PBXBuildFile; fileRef = 723886212889D1D2003AB7DC /* Constants.swift */; };
		723886242889D4A4003AB7DC /* PlanetTableViewController.swift in Sources */ = {isa = PBXBuildFile; fileRef = 723886232889D4A4003AB7DC /* PlanetTableViewController.swift */; };
		725A083B287DDE5700237084 /* Moon.swift in Sources */ = {isa = PBXBuildFile; fileRef = 725A083A287DDE5700237084 /* Moon.swift */; };
		725A085D287F3E7700237084 /* Quote.swift in Sources */ = {isa = PBXBuildFile; fileRef = 725A085C287F3E7700237084 /* Quote.swift */; };
		728A43DA2875F6B90085E6AB /* SunMoonViewController.swift in Sources */ = {isa = PBXBuildFile; fileRef = 728A43D92875F6B90085E6AB /* SunMoonViewController.swift */; };
		728A43DC28760B970085E6AB /* Sun.swift in Sources */ = {isa = PBXBuildFile; fileRef = 728A43DB28760B970085E6AB /* Sun.swift */; };
		72A0A078289024A9001C8182 /* DetailViewController.swift in Sources */ = {isa = PBXBuildFile; fileRef = 72A0A077289024A9001C8182 /* DetailViewController.swift */; };
		72D2105D2889C7CA00E1A67A /* PlanetTableViewCell.swift in Sources */ = {isa = PBXBuildFile; fileRef = 72D2105C2889C7CA00E1A67A /* PlanetTableViewCell.swift */; };
		72F03B2B286E1C05002DB629 /* AppDelegate.swift in Sources */ = {isa = PBXBuildFile; fileRef = 72F03B2A286E1C05002DB629 /* AppDelegate.swift */; };
		72F03B2D286E1C05002DB629 /* SceneDelegate.swift in Sources */ = {isa = PBXBuildFile; fileRef = 72F03B2C286E1C05002DB629 /* SceneDelegate.swift */; };
		72F03B2F286E1C05002DB629 /* ViewController.swift in Sources */ = {isa = PBXBuildFile; fileRef = 72F03B2E286E1C05002DB629 /* ViewController.swift */; };
		72F03B32286E1C05002DB629 /* Main.storyboard in Resources */ = {isa = PBXBuildFile; fileRef = 72F03B30286E1C05002DB629 /* Main.storyboard */; };
		72F03B34286E1C07002DB629 /* Assets.xcassets in Resources */ = {isa = PBXBuildFile; fileRef = 72F03B33286E1C07002DB629 /* Assets.xcassets */; };
		72F03B37286E1C07002DB629 /* LaunchScreen.storyboard in Resources */ = {isa = PBXBuildFile; fileRef = 72F03B35286E1C07002DB629 /* LaunchScreen.storyboard */; };
/* End PBXBuildFile section */

/* Begin PBXFileReference section */
		7238861F2889CFCE003AB7DC /* Planet.swift */ = {isa = PBXFileReference; lastKnownFileType = sourcecode.swift; path = Planet.swift; sourceTree = "<group>"; };
		723886212889D1D2003AB7DC /* Constants.swift */ = {isa = PBXFileReference; lastKnownFileType = sourcecode.swift; path = Constants.swift; sourceTree = "<group>"; };
		723886232889D4A4003AB7DC /* PlanetTableViewController.swift */ = {isa = PBXFileReference; lastKnownFileType = sourcecode.swift; path = PlanetTableViewController.swift; sourceTree = "<group>"; };
		725A083A287DDE5700237084 /* Moon.swift */ = {isa = PBXFileReference; lastKnownFileType = sourcecode.swift; path = Moon.swift; sourceTree = "<group>"; };
		725A085C287F3E7700237084 /* Quote.swift */ = {isa = PBXFileReference; lastKnownFileType = sourcecode.swift; path = Quote.swift; sourceTree = "<group>"; };
		728A43D92875F6B90085E6AB /* SunMoonViewController.swift */ = {isa = PBXFileReference; lastKnownFileType = sourcecode.swift; path = SunMoonViewController.swift; sourceTree = "<group>"; };
		728A43DB28760B970085E6AB /* Sun.swift */ = {isa = PBXFileReference; lastKnownFileType = sourcecode.swift; path = Sun.swift; sourceTree = "<group>"; };
		72A0A077289024A9001C8182 /* DetailViewController.swift */ = {isa = PBXFileReference; lastKnownFileType = sourcecode.swift; path = DetailViewController.swift; sourceTree = "<group>"; };
		72D2105C2889C7CA00E1A67A /* PlanetTableViewCell.swift */ = {isa = PBXFileReference; lastKnownFileType = sourcecode.swift; path = PlanetTableViewCell.swift; sourceTree = "<group>"; };
		72F03B27286E1C05002DB629 /* SolarSystem.app */ = {isa = PBXFileReference; explicitFileType = wrapper.application; includeInIndex = 0; path = SolarSystem.app; sourceTree = BUILT_PRODUCTS_DIR; };
		72F03B2A286E1C05002DB629 /* AppDelegate.swift */ = {isa = PBXFileReference; lastKnownFileType = sourcecode.swift; path = AppDelegate.swift; sourceTree = "<group>"; };
		72F03B2C286E1C05002DB629 /* SceneDelegate.swift */ = {isa = PBXFileReference; lastKnownFileType = sourcecode.swift; path = SceneDelegate.swift; sourceTree = "<group>"; };
		72F03B2E286E1C05002DB629 /* ViewController.swift */ = {isa = PBXFileReference; lastKnownFileType = sourcecode.swift; path = ViewController.swift; sourceTree = "<group>"; };
		72F03B31286E1C05002DB629 /* Base */ = {isa = PBXFileReference; lastKnownFileType = file.storyboard; name = Base; path = Base.lproj/Main.storyboard; sourceTree = "<group>"; };
		72F03B33286E1C07002DB629 /* Assets.xcassets */ = {isa = PBXFileReference; lastKnownFileType = folder.assetcatalog; path = Assets.xcassets; sourceTree = "<group>"; };
		72F03B36286E1C07002DB629 /* Base */ = {isa = PBXFileReference; lastKnownFileType = file.storyboard; name = Base; path = Base.lproj/LaunchScreen.storyboard; sourceTree = "<group>"; };
		72F03B38286E1C07002DB629 /* Info.plist */ = {isa = PBXFileReference; lastKnownFileType = text.plist.xml; path = Info.plist; sourceTree = "<group>"; };
/* End PBXFileReference section */

/* Begin PBXFrameworksBuildPhase section */
		72F03B24286E1C05002DB629 /* Frameworks */ = {
			isa = PBXFrameworksBuildPhase;
			buildActionMask = 2147483647;
			files = (
			);
			runOnlyForDeploymentPostprocessing = 0;
		};
/* End PBXFrameworksBuildPhase section */

/* Begin PBXGroup section */
		72F03B1E286E1C05002DB629 = {
			isa = PBXGroup;
			children = (
				72F03B29286E1C05002DB629 /* SolarSystem */,
				72F03B28286E1C05002DB629 /* Products */,
			);
			sourceTree = "<group>";
		};
		72F03B28286E1C05002DB629 /* Products */ = {
			isa = PBXGroup;
			children = (
				72F03B27286E1C05002DB629 /* SolarSystem.app */,
			);
			name = Products;
			sourceTree = "<group>";
		};
		72F03B29286E1C05002DB629 /* SolarSystem */ = {
			isa = PBXGroup;
			children = (
				72F03B2A286E1C05002DB629 /* AppDelegate.swift */,
				72F03B2C286E1C05002DB629 /* SceneDelegate.swift */,
				72F03B2E286E1C05002DB629 /* ViewController.swift */,
				72F03B30286E1C05002DB629 /* Main.storyboard */,
				72A0A077289024A9001C8182 /* DetailViewController.swift */,
				72D2105C2889C7CA00E1A67A /* PlanetTableViewCell.swift */,
				7238861F2889CFCE003AB7DC /* Planet.swift */,
				723886232889D4A4003AB7DC /* PlanetTableViewController.swift */,
				723886212889D1D2003AB7DC /* Constants.swift */,
				728A43D92875F6B90085E6AB /* SunMoonViewController.swift */,
				728A43DB28760B970085E6AB /* Sun.swift */,
				725A083A287DDE5700237084 /* Moon.swift */,
				72F03B33286E1C07002DB629 /* Assets.xcassets */,
				72F03B35286E1C07002DB629 /* LaunchScreen.storyboard */,
				72F03B38286E1C07002DB629 /* Info.plist */,
				725A085C287F3E7700237084 /* Quote.swift */,
			);
			path = SolarSystem;
			sourceTree = "<group>";
		};
/* End PBXGroup section */

/* Begin PBXNativeTarget section */
		72F03B26286E1C05002DB629 /* SolarSystem */ = {
			isa = PBXNativeTarget;
			buildConfigurationList = 72F03B3B286E1C07002DB629 /* Build configuration list for PBXNativeTarget "SolarSystem" */;
			buildPhases = (
				72F03B23286E1C05002DB629 /* Sources */,
				72F03B24286E1C05002DB629 /* Frameworks */,
				72F03B25286E1C05002DB629 /* Resources */,
			);
			buildRules = (
			);
			dependencies = (
			);
			name = SolarSystem;
			productName = SolarSystem;
			productReference = 72F03B27286E1C05002DB629 /* SolarSystem.app */;
			productType = "com.apple.product-type.application";
		};
/* End PBXNativeTarget section */

/* Begin PBXProject section */
		72F03B1F286E1C05002DB629 /* Project object */ = {
			isa = PBXProject;
			attributes = {
				BuildIndependentTargetsInParallel = 1;
				LastSwiftUpdateCheck = 1330;
				LastUpgradeCheck = 1330;
				TargetAttributes = {
					72F03B26286E1C05002DB629 = {
						CreatedOnToolsVersion = 13.3.1;
					};
				};
			};
			buildConfigurationList = 72F03B22286E1C05002DB629 /* Build configuration list for PBXProject "SolarSystem" */;
			compatibilityVersion = "Xcode 13.0";
			developmentRegion = en;
			hasScannedForEncodings = 0;
			knownRegions = (
				en,
				Base,
			);
			mainGroup = 72F03B1E286E1C05002DB629;
			productRefGroup = 72F03B28286E1C05002DB629 /* Products */;
			projectDirPath = "";
			projectRoot = "";
			targets = (
				72F03B26286E1C05002DB629 /* SolarSystem */,
			);
		};
/* End PBXProject section */

/* Begin PBXResourcesBuildPhase section */
		72F03B25286E1C05002DB629 /* Resources */ = {
			isa = PBXResourcesBuildPhase;
			buildActionMask = 2147483647;
			files = (
				72F03B37286E1C07002DB629 /* LaunchScreen.storyboard in Resources */,
				72F03B34286E1C07002DB629 /* Assets.xcassets in Resources */,
				72F03B32286E1C05002DB629 /* Main.storyboard in Resources */,
			);
			runOnlyForDeploymentPostprocessing = 0;
		};
/* End PBXResourcesBuildPhase section */

/* Begin PBXSourcesBuildPhase section */
		72F03B23286E1C05002DB629 /* Sources */ = {
			isa = PBXSourcesBuildPhase;
			buildActionMask = 2147483647;
			files = (
				728A43DC28760B970085E6AB /* Sun.swift in Sources */,
				72F03B2F286E1C05002DB629 /* ViewController.swift in Sources */,
				72F03B2B286E1C05002DB629 /* AppDelegate.swift in Sources */,
				72A0A078289024A9001C8182 /* DetailViewController.swift in Sources */,
				723886202889CFCE003AB7DC /* Planet.swift in Sources */,
				72D2105D2889C7CA00E1A67A /* PlanetTableViewCell.swift in Sources */,
				723886222889D1D2003AB7DC /* Constants.swift in Sources */,
				72F03B2D286E1C05002DB629 /* SceneDelegate.swift in Sources */,
				725A083B287DDE5700237084 /* Moon.swift in Sources */,
				723886242889D4A4003AB7DC /* PlanetTableViewController.swift in Sources */,
				725A085D287F3E7700237084 /* Quote.swift in Sources */,
				728A43DA2875F6B90085E6AB /* SunMoonViewController.swift in Sources */,
			);
			runOnlyForDeploymentPostprocessing = 0;
		};
/* End PBXSourcesBuildPhase section */

/* Begin PBXVariantGroup section */
		72F03B30286E1C05002DB629 /* Main.storyboard */ = {
			isa = PBXVariantGroup;
			children = (
				72F03B31286E1C05002DB629 /* Base */,
			);
			name = Main.storyboard;
			sourceTree = "<group>";
		};
		72F03B35286E1C07002DB629 /* LaunchScreen.storyboard */ = {
			isa = PBXVariantGroup;
			children = (
				72F03B36286E1C07002DB629 /* Base */,
			);
			name = LaunchScreen.storyboard;
			sourceTree = "<group>";
		};
/* End PBXVariantGroup section */

/* Begin XCBuildConfiguration section */
		72F03B39286E1C07002DB629 /* Debug */ = {
			isa = XCBuildConfiguration;
			buildSettings = {
				ALWAYS_SEARCH_USER_PATHS = NO;
				CLANG_ANALYZER_NONNULL = YES;
				CLANG_ANALYZER_NUMBER_OBJECT_CONVERSION = YES_AGGRESSIVE;
				CLANG_CXX_LANGUAGE_STANDARD = "gnu++17";
				CLANG_ENABLE_MODULES = YES;
				CLANG_ENABLE_OBJC_ARC = YES;
				CLANG_ENABLE_OBJC_WEAK = YES;
				CLANG_WARN_BLOCK_CAPTURE_AUTORELEASING = YES;
				CLANG_WARN_BOOL_CONVERSION = YES;
				CLANG_WARN_COMMA = YES;
				CLANG_WARN_CONSTANT_CONVERSION = YES;
				CLANG_WARN_DEPRECATED_OBJC_IMPLEMENTATIONS = YES;
				CLANG_WARN_DIRECT_OBJC_ISA_USAGE = YES_ERROR;
				CLANG_WARN_DOCUMENTATION_COMMENTS = YES;
				CLANG_WARN_EMPTY_BODY = YES;
				CLANG_WARN_ENUM_CONVERSION = YES;
				CLANG_WARN_INFINITE_RECURSION = YES;
				CLANG_WARN_INT_CONVERSION = YES;
				CLANG_WARN_NON_LITERAL_NULL_CONVERSION = YES;
				CLANG_WARN_OBJC_IMPLICIT_RETAIN_SELF = YES;
				CLANG_WARN_OBJC_LITERAL_CONVERSION = YES;
				CLANG_WARN_OBJC_ROOT_CLASS = YES_ERROR;
				CLANG_WARN_QUOTED_INCLUDE_IN_FRAMEWORK_HEADER = YES;
				CLANG_WARN_RANGE_LOOP_ANALYSIS = YES;
				CLANG_WARN_STRICT_PROTOTYPES = YES;
				CLANG_WARN_SUSPICIOUS_MOVE = YES;
				CLANG_WARN_UNGUARDED_AVAILABILITY = YES_AGGRESSIVE;
				CLANG_WARN_UNREACHABLE_CODE = YES;
				CLANG_WARN__DUPLICATE_METHOD_MATCH = YES;
				COPY_PHASE_STRIP = NO;
				DEBUG_INFORMATION_FORMAT = dwarf;
				ENABLE_STRICT_OBJC_MSGSEND = YES;
				ENABLE_TESTABILITY = YES;
				GCC_C_LANGUAGE_STANDARD = gnu11;
				GCC_DYNAMIC_NO_PIC = NO;
				GCC_NO_COMMON_BLOCKS = YES;
				GCC_OPTIMIZATION_LEVEL = 0;
				GCC_PREPROCESSOR_DEFINITIONS = (
					"DEBUG=1",
					"$(inherited)",
				);
				GCC_WARN_64_TO_32_BIT_CONVERSION = YES;
				GCC_WARN_ABOUT_RETURN_TYPE = YES_ERROR;
				GCC_WARN_UNDECLARED_SELECTOR = YES;
				GCC_WARN_UNINITIALIZED_AUTOS = YES_AGGRESSIVE;
				GCC_WARN_UNUSED_FUNCTION = YES;
				GCC_WARN_UNUSED_VARIABLE = YES;
				IPHONEOS_DEPLOYMENT_TARGET = 15.4;
				MTL_ENABLE_DEBUG_INFO = INCLUDE_SOURCE;
				MTL_FAST_MATH = YES;
				ONLY_ACTIVE_ARCH = YES;
				SDKROOT = iphoneos;
				SWIFT_ACTIVE_COMPILATION_CONDITIONS = DEBUG;
				SWIFT_OPTIMIZATION_LEVEL = "-Onone";
			};
			name = Debug;
		};
		72F03B3A286E1C07002DB629 /* Release */ = {
			isa = XCBuildConfiguration;
			buildSettings = {
				ALWAYS_SEARCH_USER_PATHS = NO;
				CLANG_ANALYZER_NONNULL = YES;
				CLANG_ANALYZER_NUMBER_OBJECT_CONVERSION = YES_AGGRESSIVE;
				CLANG_CXX_LANGUAGE_STANDARD = "gnu++17";
				CLANG_ENABLE_MODULES = YES;
				CLANG_ENABLE_OBJC_ARC = YES;
				CLANG_ENABLE_OBJC_WEAK = YES;
				CLANG_WARN_BLOCK_CAPTURE_AUTORELEASING = YES;
				CLANG_WARN_BOOL_CONVERSION = YES;
				CLANG_WARN_COMMA = YES;
				CLANG_WARN_CONSTANT_CONVERSION = YES;
				CLANG_WARN_DEPRECATED_OBJC_IMPLEMENTATIONS = YES;
				CLANG_WARN_DIRECT_OBJC_ISA_USAGE = YES_ERROR;
				CLANG_WARN_DOCUMENTATION_COMMENTS = YES;
				CLANG_WARN_EMPTY_BODY = YES;
				CLANG_WARN_ENUM_CONVERSION = YES;
				CLANG_WARN_INFINITE_RECURSION = YES;
				CLANG_WARN_INT_CONVERSION = YES;
				CLANG_WARN_NON_LITERAL_NULL_CONVERSION = YES;
				CLANG_WARN_OBJC_IMPLICIT_RETAIN_SELF = YES;
				CLANG_WARN_OBJC_LITERAL_CONVERSION = YES;
				CLANG_WARN_OBJC_ROOT_CLASS = YES_ERROR;
				CLANG_WARN_QUOTED_INCLUDE_IN_FRAMEWORK_HEADER = YES;
				CLANG_WARN_RANGE_LOOP_ANALYSIS = YES;
				CLANG_WARN_STRICT_PROTOTYPES = YES;
				CLANG_WARN_SUSPICIOUS_MOVE = YES;
				CLANG_WARN_UNGUARDED_AVAILABILITY = YES_AGGRESSIVE;
				CLANG_WARN_UNREACHABLE_CODE = YES;
				CLANG_WARN__DUPLICATE_METHOD_MATCH = YES;
				COPY_PHASE_STRIP = NO;
				DEBUG_INFORMATION_FORMAT = "dwarf-with-dsym";
				ENABLE_NS_ASSERTIONS = NO;
				ENABLE_STRICT_OBJC_MSGSEND = YES;
				GCC_C_LANGUAGE_STANDARD = gnu11;
				GCC_NO_COMMON_BLOCKS = YES;
				GCC_WARN_64_TO_32_BIT_CONVERSION = YES;
				GCC_WARN_ABOUT_RETURN_TYPE = YES_ERROR;
				GCC_WARN_UNDECLARED_SELECTOR = YES;
				GCC_WARN_UNINITIALIZED_AUTOS = YES_AGGRESSIVE;
				GCC_WARN_UNUSED_FUNCTION = YES;
				GCC_WARN_UNUSED_VARIABLE = YES;
				IPHONEOS_DEPLOYMENT_TARGET = 15.4;
				MTL_ENABLE_DEBUG_INFO = NO;
				MTL_FAST_MATH = YES;
				SDKROOT = iphoneos;
				SWIFT_COMPILATION_MODE = wholemodule;
				SWIFT_OPTIMIZATION_LEVEL = "-O";
				VALIDATE_PRODUCT = YES;
			};
			name = Release;
		};
		72F03B3C286E1C07002DB629 /* Debug */ = {
			isa = XCBuildConfiguration;
			buildSettings = {
				ASSETCATALOG_COMPILER_APPICON_NAME = AppIcon;
				ASSETCATALOG_COMPILER_GLOBAL_ACCENT_COLOR_NAME = AccentColor;
				CODE_SIGN_STYLE = Automatic;
				CURRENT_PROJECT_VERSION = 1;
				GENERATE_INFOPLIST_FILE = YES;
				INFOPLIST_FILE = SolarSystem/Info.plist;
				INFOPLIST_KEY_UIApplicationSupportsIndirectInputEvents = YES;
				INFOPLIST_KEY_UILaunchStoryboardName = LaunchScreen;
				INFOPLIST_KEY_UIMainStoryboardFile = Main;
				INFOPLIST_KEY_UISupportedInterfaceOrientations_iPad = "UIInterfaceOrientationPortrait UIInterfaceOrientationPortraitUpsideDown UIInterfaceOrientationLandscapeLeft UIInterfaceOrientationLandscapeRight";
				INFOPLIST_KEY_UISupportedInterfaceOrientations_iPhone = "UIInterfaceOrientationPortrait UIInterfaceOrientationLandscapeLeft UIInterfaceOrientationLandscapeRight";
				LD_RUNPATH_SEARCH_PATHS = (
					"$(inherited)",
					"@executable_path/Frameworks",
				);
				MARKETING_VERSION = 1.0;
				PRODUCT_BUNDLE_IDENTIFIER = com.MindyDouglas.SolarSystem;
				PRODUCT_NAME = "$(TARGET_NAME)";
				SWIFT_EMIT_LOC_STRINGS = YES;
				SWIFT_VERSION = 5.0;
				TARGETED_DEVICE_FAMILY = "1,2";
			};
			name = Debug;
		};
		72F03B3D286E1C07002DB629 /* Release */ = {
			isa = XCBuildConfiguration;
			buildSettings = {
				ASSETCATALOG_COMPILER_APPICON_NAME = AppIcon;
				ASSETCATALOG_COMPILER_GLOBAL_ACCENT_COLOR_NAME = AccentColor;
				CODE_SIGN_STYLE = Automatic;
				CURRENT_PROJECT_VERSION = 1;
				GENERATE_INFOPLIST_FILE = YES;
				INFOPLIST_FILE = SolarSystem/Info.plist;
				INFOPLIST_KEY_UIApplicationSupportsIndirectInputEvents = YES;
				INFOPLIST_KEY_UILaunchStoryboardName = LaunchScreen;
				INFOPLIST_KEY_UIMainStoryboardFile = Main;
				INFOPLIST_KEY_UISupportedInterfaceOrientations_iPad = "UIInterfaceOrientationPortrait UIInterfaceOrientationPortraitUpsideDown UIInterfaceOrientationLandscapeLeft UIInterfaceOrientationLandscapeRight";
				INFOPLIST_KEY_UISupportedInterfaceOrientations_iPhone = "UIInterfaceOrientationPortrait UIInterfaceOrientationLandscapeLeft UIInterfaceOrientationLandscapeRight";
				LD_RUNPATH_SEARCH_PATHS = (
					"$(inherited)",
					"@executable_path/Frameworks",
				);
				MARKETING_VERSION = 1.0;
				PRODUCT_BUNDLE_IDENTIFIER = com.MindyDouglas.SolarSystem;
				PRODUCT_NAME = "$(TARGET_NAME)";
				SWIFT_EMIT_LOC_STRINGS = YES;
				SWIFT_VERSION = 5.0;
				TARGETED_DEVICE_FAMILY = "1,2";
			};
			name = Release;
		};
/* End XCBuildConfiguration section */

/* Begin XCConfigurationList section */
		72F03B22286E1C05002DB629 /* Build configuration list for PBXProject "SolarSystem" */ = {
			isa = XCConfigurationList;
			buildConfigurations = (
				72F03B39286E1C07002DB629 /* Debug */,
				72F03B3A286E1C07002DB629 /* Release */,
			);
			defaultConfigurationIsVisible = 0;
			defaultConfigurationName = Release;
		};
		72F03B3B286E1C07002DB629 /* Build configuration list for PBXNativeTarget "SolarSystem" */ = {
			isa = XCConfigurationList;
			buildConfigurations = (
				72F03B3C286E1C07002DB629 /* Debug */,
				72F03B3D286E1C07002DB629 /* Release */,
			);
			defaultConfigurationIsVisible = 0;
			defaultConfigurationName = Release;
		};
/* End XCConfigurationList section */
	};
	rootObject = 72F03B1F286E1C05002DB629 /* Project object */;
}
